
Microsoft Visual Studio Solution File, Format Version 11.00
# Visual Studio 2010
Project("{FAE04EC0-301F-11D3-BF4B-00C04F79EFBC}") = "AppHost", "NewTunes\AppHost\AppHost.csproj", "{52A69CE4-8BCE-4BDE-9DA7-CEFADBF0807D}"
EndProject
Project("{F2A71F9B-5D33-465A-A702-920D77279786}") = "App", "NewTunes\App\App.fsproj", "{53DBD955-771B-4679-BDD4-2CE76FDBEEBA}"
EndProject
Project("{2150E333-8FDC-42A3-9474-1A3956D46DE8}") = "Src", "Src", "{936B7CDE-4FFF-4D0F-A4E2-B5E406B026C4}"
EndProject
Project("{2150E333-8FDC-42A3-9474-1A3956D46DE8}") = "Test", "Test", "{07F39E9C-5D65-4052-8971-B7D62415D88B}"
EndProject
Project("{F2A71F9B-5D33-465A-A702-920D77279786}") = "FsUnit", "tests\FsUnit\FsUnit.fsproj", "{AB0F0605-B72B-451F-822E-625DD0B4B61F}"
EndProject
Project("{F2A71F9B-5D33-465A-A702-920D77279786}") = "App.Tests", "tests\App.Tests\App.Tests.fsproj", "{FB8021EE-2B30-4058-9913-7F73841B8D4F}"
EndProject
Project("{2150E333-8FDC-42A3-9474-1A3956D46DE8}") = "Integration", "Integration", "{FAEA6568-5B6E-4842-B37A-15F747C58913}"
EndProject
Project("{F2A71F9B-5D33-465A-A702-920D77279786}") = "App.IntegrationTests", "tests\App.IntegrationTests\App.IntegrationTests.fsproj", "{AEC62F9B-F9C5-4301-910C-50B42951C4B1}"
EndProject
Global
	GlobalSection(SolutionConfigurationPlatforms) = preSolution
		Debug|Any CPU = Debug|Any CPU
		Release|Any CPU = Release|Any CPU
	EndGlobalSection
	GlobalSection(ProjectConfigurationPlatforms) = postSolution
		{52A69CE4-8BCE-4BDE-9DA7-CEFADBF0807D}.Debug|Any CPU.ActiveCfg = Debug|Any CPU
		{52A69CE4-8BCE-4BDE-9DA7-CEFADBF0807D}.Debug|Any CPU.Build.0 = Debug|Any CPU
		{52A69CE4-8BCE-4BDE-9DA7-CEFADBF0807D}.Debug|Any CPU.Deploy.0 = Debug|Any CPU
		{52A69CE4-8BCE-4BDE-9DA7-CEFADBF0807D}.Release|Any CPU.ActiveCfg = Release|Any CPU
		{52A69CE4-8BCE-4BDE-9DA7-CEFADBF0807D}.Release|Any CPU.Build.0 = Release|Any CPU
		{52A69CE4-8BCE-4BDE-9DA7-CEFADBF0807D}.Release|Any CPU.Deploy.0 = Release|Any CPU
		{53DBD955-771B-4679-BDD4-2CE76FDBEEBA}.Debug|Any CPU.ActiveCfg = Debug|Any CPU
		{53DBD955-771B-4679-BDD4-2CE76FDBEEBA}.Debug|Any CPU.Build.0 = Debug|Any CPU
		{53DBD955-771B-4679-BDD4-2CE76FDBEEBA}.Release|Any CPU.ActiveCfg = Release|Any CPU
		{53DBD955-771B-4679-BDD4-2CE76FDBEEBA}.Release|Any CPU.Build.0 = Release|Any CPU
		{AB0F0605-B72B-451F-822E-625DD0B4B61F}.Debug|Any CPU.ActiveCfg = Debug|Any CPU
		{AB0F0605-B72B-451F-822E-625DD0B4B61F}.Debug|Any CPU.Build.0 = Debug|Any CPU
		{AB0F0605-B72B-451F-822E-625DD0B4B61F}.Release|Any CPU.ActiveCfg = Release|Any CPU
		{AB0F0605-B72B-451F-822E-625DD0B4B61F}.Release|Any CPU.Build.0 = Release|Any CPU
		{FB8021EE-2B30-4058-9913-7F73841B8D4F}.Debug|Any CPU.ActiveCfg = Debug|Any CPU
		{FB8021EE-2B30-4058-9913-7F73841B8D4F}.Debug|Any CPU.Build.0 = Debug|Any CPU
		{FB8021EE-2B30-4058-9913-7F73841B8D4F}.Release|Any CPU.ActiveCfg = Release|Any CPU
		{FB8021EE-2B30-4058-9913-7F73841B8D4F}.Release|Any CPU.Build.0 = Release|Any CPU
		{AEC62F9B-F9C5-4301-910C-50B42951C4B1}.Debug|Any CPU.ActiveCfg = Debug|Any CPU
		{AEC62F9B-F9C5-4301-910C-50B42951C4B1}.Debug|Any CPU.Build.0 = Debug|Any CPU
		{AEC62F9B-F9C5-4301-910C-50B42951C4B1}.Release|Any CPU.ActiveCfg = Release|Any CPU
		{AEC62F9B-F9C5-4301-910C-50B42951C4B1}.Release|Any CPU.Build.0 = Release|Any CPU
	EndGlobalSection
	GlobalSection(SolutionProperties) = preSolution
		HideSolutionNode = FALSE
	EndGlobalSection
	GlobalSection(NestedProjects) = preSolution
		{53DBD955-771B-4679-BDD4-2CE76FDBEEBA} = {936B7CDE-4FFF-4D0F-A4E2-B5E406B026C4}
		{52A69CE4-8BCE-4BDE-9DA7-CEFADBF0807D} = {936B7CDE-4FFF-4D0F-A4E2-B5E406B026C4}
		{AB0F0605-B72B-451F-822E-625DD0B4B61F} = {07F39E9C-5D65-4052-8971-B7D62415D88B}
		{FB8021EE-2B30-4058-9913-7F73841B8D4F} = {07F39E9C-5D65-4052-8971-B7D62415D88B}
		{FAEA6568-5B6E-4842-B37A-15F747C58913} = {07F39E9C-5D65-4052-8971-B7D62415D88B}
		{AEC62F9B-F9C5-4301-910C-50B42951C4B1} = {FAEA6568-5B6E-4842-B37A-15F747C58913}
	EndGlobalSection
EndGlobal
